
Microsoft Visual Studio Solution File, Format Version 12.00
Project("{FAE04EC0-301F-11D3-BF4B-00C04F79EFBC}") = "BinaryTrees.Model", "BinaryTrees.Model\BinaryTrees.Model.csproj", "{AA7DFD88-AFF6-4ABC-9500-6CE54048FB28}"
EndProject
Project("{FAE04EC0-301F-11D3-BF4B-00C04F79EFBC}") = "BasicOperationsWithTree", "BasicOperationsWithTree\BasicOperationsWithTree.csproj", "{B19A9A4B-D003-432B-B186-28B027FF4702}"
EndProject
Global
	GlobalSection(SolutionConfigurationPlatforms) = preSolution
		Debug|Any CPU = Debug|Any CPU
		Release|Any CPU = Release|Any CPU
	EndGlobalSection
	GlobalSection(ProjectConfigurationPlatforms) = postSolution
		{AA7DFD88-AFF6-4ABC-9500-6CE54048FB28}.Debug|Any CPU.ActiveCfg = Debug|Any CPU
		{AA7DFD88-AFF6-4ABC-9500-6CE54048FB28}.Debug|Any CPU.Build.0 = Debug|Any CPU
		{AA7DFD88-AFF6-4ABC-9500-6CE54048FB28}.Release|Any CPU.ActiveCfg = Release|Any CPU
		{AA7DFD88-AFF6-4ABC-9500-6CE54048FB28}.Release|Any CPU.Build.0 = Release|Any CPU
		{B19A9A4B-D003-432B-B186-28B027FF4702}.Debug|Any CPU.ActiveCfg = Debug|Any CPU
		{B19A9A4B-D003-432B-B186-28B027FF4702}.Debug|Any CPU.Build.0 = Debug|Any CPU
		{B19A9A4B-D003-432B-B186-28B027FF4702}.Release|Any CPU.ActiveCfg = Release|Any CPU
		{B19A9A4B-D003-432B-B186-28B027FF4702}.Release|Any CPU.Build.0 = Release|Any CPU
	EndGlobalSection
EndGlobal
